
Microsoft Visual Studio Solution File, Format Version 12.00
# Visual Studio 14
VisualStudioVersion = 14.0.25123.0
MinimumVisualStudioVersion = 10.0.40219.1
Project("{FAE04EC0-301F-11D3-BF4B-00C04F79EFBC}") = "outdoor.rocks", "outdoor.rocks\outdoor.rocks.csproj", "{96E635A1-413E-4C2B-9A84-B8C675581206}"
EndProject
Project("{FAE04EC0-301F-11D3-BF4B-00C04F79EFBC}") = "outdoor.rocks.Tests", "outdoor.rocks.Tests\outdoor.rocks.Tests.csproj", "{C5AE7853-3D1B-4538-A329-BC709B7F5422}"
EndProject
Project("{2150E333-8FDC-42A3-9474-1A3956D46DE8}") = "Solution Items", "Solution Items", "{865CA4DA-1D3C-4ADD-82C4-A1F4B1DB0907}"
EndProject
Project("{FAE04EC0-301F-11D3-BF4B-00C04F79EFBC}") = "outdoor.rocks.Xamarin.Droid", "outdoor.rocks.Xamarin\outdoor.rocks.Xamarin.Droid\outdoor.rocks.Xamarin.Droid.csproj", "{D006CA39-DA61-4887-B8AC-1FE223C1A80C}"
EndProject
Project("{FAE04EC0-301F-11D3-BF4B-00C04F79EFBC}") = "outdoor.rocks.Xamarin.iOS", "outdoor.rocks.Xamarin\outdoor.rocks.Xamarin.iOS\outdoor.rocks.Xamarin.iOS.csproj", "{9D2B2FDC-3C22-4834-8069-15D0C8F22770}"
EndProject
Project("{FAE04EC0-301F-11D3-BF4B-00C04F79EFBC}") = "outdoor.rocks.Xamarin.WinPhone", "outdoor.rocks.Xamarin\outdoor.rocks.Xamarin.WinPhone\outdoor.rocks.Xamarin.WinPhone.csproj", "{F8B7E486-3D08-4657-B4CF-985214392F36}"
EndProject
Project("{FAE04EC0-301F-11D3-BF4B-00C04F79EFBC}") = "outdoor.rocks.Xamarin.UWP", "outdoor.rocks.Xamarin\outdoor.rocks.Xamarin.UWP\outdoor.rocks.Xamarin.UWP.csproj", "{D9AA7663-257D-448B-AF6D-79395D5633CA}"
EndProject
Project("{FAE04EC0-301F-11D3-BF4B-00C04F79EFBC}") = "outdoor.rocks.Xamarin.Windows", "outdoor.rocks.Xamarin\outdoor.rocks.Xamarin.Windows\outdoor.rocks.Xamarin.Windows.csproj", "{3CE104A7-D3CF-4990-BD02-35C29F89051D}"
EndProject
Project("{FAE04EC0-301F-11D3-BF4B-00C04F79EFBC}") = "outdoor.rocks.Xamarin", "outdoor.rocks.Xamarin\outdoor.rocks.Xamarin\outdoor.rocks.Xamarin.csproj", "{310A0FE9-BE33-4D93-84D0-AB4AAAC8DEAA}"
EndProject
Global
	GlobalSection(SolutionConfigurationPlatforms) = preSolution
		Ad-Hoc|Any CPU = Ad-Hoc|Any CPU
		Ad-Hoc|ARM = Ad-Hoc|ARM
		Ad-Hoc|iPhone = Ad-Hoc|iPhone
		Ad-Hoc|iPhoneSimulator = Ad-Hoc|iPhoneSimulator
		Ad-Hoc|x64 = Ad-Hoc|x64
		Ad-Hoc|x86 = Ad-Hoc|x86
		AppStore|Any CPU = AppStore|Any CPU
		AppStore|ARM = AppStore|ARM
		AppStore|iPhone = AppStore|iPhone
		AppStore|iPhoneSimulator = AppStore|iPhoneSimulator
		AppStore|x64 = AppStore|x64
		AppStore|x86 = AppStore|x86
		Debug|Any CPU = Debug|Any CPU
		Debug|ARM = Debug|ARM
		Debug|iPhone = Debug|iPhone
		Debug|iPhoneSimulator = Debug|iPhoneSimulator
		Debug|x64 = Debug|x64
		Debug|x86 = Debug|x86
		Release|Any CPU = Release|Any CPU
		Release|ARM = Release|ARM
		Release|iPhone = Release|iPhone
		Release|iPhoneSimulator = Release|iPhoneSimulator
		Release|x64 = Release|x64
		Release|x86 = Release|x86
	EndGlobalSection
	GlobalSection(ProjectConfigurationPlatforms) = postSolution
		{96E635A1-413E-4C2B-9A84-B8C675581206}.Ad-Hoc|Any CPU.ActiveCfg = Release|Any CPU
		{96E635A1-413E-4C2B-9A84-B8C675581206}.Ad-Hoc|Any CPU.Build.0 = Release|Any CPU
		{96E635A1-413E-4C2B-9A84-B8C675581206}.Ad-Hoc|ARM.ActiveCfg = Release|Any CPU
		{96E635A1-413E-4C2B-9A84-B8C675581206}.Ad-Hoc|ARM.Build.0 = Release|Any CPU
		{96E635A1-413E-4C2B-9A84-B8C675581206}.Ad-Hoc|iPhone.ActiveCfg = Release|Any CPU
		{96E635A1-413E-4C2B-9A84-B8C675581206}.Ad-Hoc|iPhone.Build.0 = Release|Any CPU
		{96E635A1-413E-4C2B-9A84-B8C675581206}.Ad-Hoc|iPhoneSimulator.ActiveCfg = Release|Any CPU
		{96E635A1-413E-4C2B-9A84-B8C675581206}.Ad-Hoc|iPhoneSimulator.Build.0 = Release|Any CPU
		{96E635A1-413E-4C2B-9A84-B8C675581206}.Ad-Hoc|x64.ActiveCfg = Release|Any CPU
		{96E635A1-413E-4C2B-9A84-B8C675581206}.Ad-Hoc|x64.Build.0 = Release|Any CPU
		{96E635A1-413E-4C2B-9A84-B8C675581206}.Ad-Hoc|x86.ActiveCfg = Release|Any CPU
		{96E635A1-413E-4C2B-9A84-B8C675581206}.Ad-Hoc|x86.Build.0 = Release|Any CPU
		{96E635A1-413E-4C2B-9A84-B8C675581206}.AppStore|Any CPU.ActiveCfg = Release|Any CPU
		{96E635A1-413E-4C2B-9A84-B8C675581206}.AppStore|Any CPU.Build.0 = Release|Any CPU
		{96E635A1-413E-4C2B-9A84-B8C675581206}.AppStore|ARM.ActiveCfg = Release|Any CPU
		{96E635A1-413E-4C2B-9A84-B8C675581206}.AppStore|ARM.Build.0 = Release|Any CPU
		{96E635A1-413E-4C2B-9A84-B8C675581206}.AppStore|iPhone.ActiveCfg = Release|Any CPU
		{96E635A1-413E-4C2B-9A84-B8C675581206}.AppStore|iPhone.Build.0 = Release|Any CPU
		{96E635A1-413E-4C2B-9A84-B8C675581206}.AppStore|iPhoneSimulator.ActiveCfg = Release|Any CPU
		{96E635A1-413E-4C2B-9A84-B8C675581206}.AppStore|iPhoneSimulator.Build.0 = Release|Any CPU
		{96E635A1-413E-4C2B-9A84-B8C675581206}.AppStore|x64.ActiveCfg = Release|Any CPU
		{96E635A1-413E-4C2B-9A84-B8C675581206}.AppStore|x64.Build.0 = Release|Any CPU
		{96E635A1-413E-4C2B-9A84-B8C675581206}.AppStore|x86.ActiveCfg = Release|Any CPU
		{96E635A1-413E-4C2B-9A84-B8C675581206}.AppStore|x86.Build.0 = Release|Any CPU
		{96E635A1-413E-4C2B-9A84-B8C675581206}.Debug|Any CPU.ActiveCfg = Debug|Any CPU
		{96E635A1-413E-4C2B-9A84-B8C675581206}.Debug|Any CPU.Build.0 = Debug|Any CPU
		{96E635A1-413E-4C2B-9A84-B8C675581206}.Debug|ARM.ActiveCfg = Debug|Any CPU
		{96E635A1-413E-4C2B-9A84-B8C675581206}.Debug|ARM.Build.0 = Debug|Any CPU
		{96E635A1-413E-4C2B-9A84-B8C675581206}.Debug|iPhone.ActiveCfg = Debug|Any CPU
		{96E635A1-413E-4C2B-9A84-B8C675581206}.Debug|iPhone.Build.0 = Debug|Any CPU
		{96E635A1-413E-4C2B-9A84-B8C675581206}.Debug|iPhoneSimulator.ActiveCfg = Debug|Any CPU
		{96E635A1-413E-4C2B-9A84-B8C675581206}.Debug|iPhoneSimulator.Build.0 = Debug|Any CPU
		{96E635A1-413E-4C2B-9A84-B8C675581206}.Debug|x64.ActiveCfg = Debug|Any CPU
		{96E635A1-413E-4C2B-9A84-B8C675581206}.Debug|x64.Build.0 = Debug|Any CPU
		{96E635A1-413E-4C2B-9A84-B8C675581206}.Debug|x86.ActiveCfg = Debug|Any CPU
		{96E635A1-413E-4C2B-9A84-B8C675581206}.Debug|x86.Build.0 = Debug|Any CPU
		{96E635A1-413E-4C2B-9A84-B8C675581206}.Release|Any CPU.ActiveCfg = Release|Any CPU
		{96E635A1-413E-4C2B-9A84-B8C675581206}.Release|Any CPU.Build.0 = Release|Any CPU
		{96E635A1-413E-4C2B-9A84-B8C675581206}.Release|ARM.ActiveCfg = Release|Any CPU
		{96E635A1-413E-4C2B-9A84-B8C675581206}.Release|ARM.Build.0 = Release|Any CPU
		{96E635A1-413E-4C2B-9A84-B8C675581206}.Release|iPhone.ActiveCfg = Release|Any CPU
		{96E635A1-413E-4C2B-9A84-B8C675581206}.Release|iPhone.Build.0 = Release|Any CPU
		{96E635A1-413E-4C2B-9A84-B8C675581206}.Release|iPhoneSimulator.ActiveCfg = Release|Any CPU
		{96E635A1-413E-4C2B-9A84-B8C675581206}.Release|iPhoneSimulator.Build.0 = Release|Any CPU
		{96E635A1-413E-4C2B-9A84-B8C675581206}.Release|x64.ActiveCfg = Release|Any CPU
		{96E635A1-413E-4C2B-9A84-B8C675581206}.Release|x64.Build.0 = Release|Any CPU
		{96E635A1-413E-4C2B-9A84-B8C675581206}.Release|x86.ActiveCfg = Release|Any CPU
		{96E635A1-413E-4C2B-9A84-B8C675581206}.Release|x86.Build.0 = Release|Any CPU
		{C5AE7853-3D1B-4538-A329-BC709B7F5422}.Ad-Hoc|Any CPU.ActiveCfg = Release|Any CPU
		{C5AE7853-3D1B-4538-A329-BC709B7F5422}.Ad-Hoc|Any CPU.Build.0 = Release|Any CPU
		{C5AE7853-3D1B-4538-A329-BC709B7F5422}.Ad-Hoc|ARM.ActiveCfg = Release|Any CPU
		{C5AE7853-3D1B-4538-A329-BC709B7F5422}.Ad-Hoc|ARM.Build.0 = Release|Any CPU
		{C5AE7853-3D1B-4538-A329-BC709B7F5422}.Ad-Hoc|iPhone.ActiveCfg = Release|Any CPU
		{C5AE7853-3D1B-4538-A329-BC709B7F5422}.Ad-Hoc|iPhone.Build.0 = Release|Any CPU
		{C5AE7853-3D1B-4538-A329-BC709B7F5422}.Ad-Hoc|iPhoneSimulator.ActiveCfg = Release|Any CPU
		{C5AE7853-3D1B-4538-A329-BC709B7F5422}.Ad-Hoc|iPhoneSimulator.Build.0 = Release|Any CPU
		{C5AE7853-3D1B-4538-A329-BC709B7F5422}.Ad-Hoc|x64.ActiveCfg = Release|Any CPU
		{C5AE7853-3D1B-4538-A329-BC709B7F5422}.Ad-Hoc|x64.Build.0 = Release|Any CPU
		{C5AE7853-3D1B-4538-A329-BC709B7F5422}.Ad-Hoc|x86.ActiveCfg = Release|Any CPU
		{C5AE7853-3D1B-4538-A329-BC709B7F5422}.Ad-Hoc|x86.Build.0 = Release|Any CPU
		{C5AE7853-3D1B-4538-A329-BC709B7F5422}.AppStore|Any CPU.ActiveCfg = Release|Any CPU
		{C5AE7853-3D1B-4538-A329-BC709B7F5422}.AppStore|Any CPU.Build.0 = Release|Any CPU
		{C5AE7853-3D1B-4538-A329-BC709B7F5422}.AppStore|ARM.ActiveCfg = Release|Any CPU
		{C5AE7853-3D1B-4538-A329-BC709B7F5422}.AppStore|ARM.Build.0 = Release|Any CPU
		{C5AE7853-3D1B-4538-A329-BC709B7F5422}.AppStore|iPhone.ActiveCfg = Release|Any CPU
		{C5AE7853-3D1B-4538-A329-BC709B7F5422}.AppStore|iPhone.Build.0 = Release|Any CPU
		{C5AE7853-3D1B-4538-A329-BC709B7F5422}.AppStore|iPhoneSimulator.ActiveCfg = Release|Any CPU
		{C5AE7853-3D1B-4538-A329-BC709B7F5422}.AppStore|iPhoneSimulator.Build.0 = Release|Any CPU
		{C5AE7853-3D1B-4538-A329-BC709B7F5422}.AppStore|x64.ActiveCfg = Release|Any CPU
		{C5AE7853-3D1B-4538-A329-BC709B7F5422}.AppStore|x64.Build.0 = Release|Any CPU
		{C5AE7853-3D1B-4538-A329-BC709B7F5422}.AppStore|x86.ActiveCfg = Release|Any CPU
		{C5AE7853-3D1B-4538-A329-BC709B7F5422}.AppStore|x86.Build.0 = Release|Any CPU
		{C5AE7853-3D1B-4538-A329-BC709B7F5422}.Debug|Any CPU.ActiveCfg = Debug|Any CPU
		{C5AE7853-3D1B-4538-A329-BC709B7F5422}.Debug|Any CPU.Build.0 = Debug|Any CPU
		{C5AE7853-3D1B-4538-A329-BC709B7F5422}.Debug|ARM.ActiveCfg = Debug|Any CPU
		{C5AE7853-3D1B-4538-A329-BC709B7F5422}.Debug|ARM.Build.0 = Debug|Any CPU
		{C5AE7853-3D1B-4538-A329-BC709B7F5422}.Debug|iPhone.ActiveCfg = Debug|Any CPU
		{C5AE7853-3D1B-4538-A329-BC709B7F5422}.Debug|iPhone.Build.0 = Debug|Any CPU
		{C5AE7853-3D1B-4538-A329-BC709B7F5422}.Debug|iPhoneSimulator.ActiveCfg = Debug|Any CPU
		{C5AE7853-3D1B-4538-A329-BC709B7F5422}.Debug|iPhoneSimulator.Build.0 = Debug|Any CPU
		{C5AE7853-3D1B-4538-A329-BC709B7F5422}.Debug|x64.ActiveCfg = Debug|Any CPU
		{C5AE7853-3D1B-4538-A329-BC709B7F5422}.Debug|x64.Build.0 = Debug|Any CPU
		{C5AE7853-3D1B-4538-A329-BC709B7F5422}.Debug|x86.ActiveCfg = Debug|Any CPU
		{C5AE7853-3D1B-4538-A329-BC709B7F5422}.Debug|x86.Build.0 = Debug|Any CPU
		{C5AE7853-3D1B-4538-A329-BC709B7F5422}.Release|Any CPU.ActiveCfg = Release|Any CPU
		{C5AE7853-3D1B-4538-A329-BC709B7F5422}.Release|Any CPU.Build.0 = Release|Any CPU
		{C5AE7853-3D1B-4538-A329-BC709B7F5422}.Release|ARM.ActiveCfg = Release|Any CPU
		{C5AE7853-3D1B-4538-A329-BC709B7F5422}.Release|ARM.Build.0 = Release|Any CPU
		{C5AE7853-3D1B-4538-A329-BC709B7F5422}.Release|iPhone.ActiveCfg = Release|Any CPU
		{C5AE7853-3D1B-4538-A329-BC709B7F5422}.Release|iPhone.Build.0 = Release|Any CPU
		{C5AE7853-3D1B-4538-A329-BC709B7F5422}.Release|iPhoneSimulator.ActiveCfg = Release|Any CPU
		{C5AE7853-3D1B-4538-A329-BC709B7F5422}.Release|iPhoneSimulator.Build.0 = Release|Any CPU
		{C5AE7853-3D1B-4538-A329-BC709B7F5422}.Release|x64.ActiveCfg = Release|Any CPU
		{C5AE7853-3D1B-4538-A329-BC709B7F5422}.Release|x64.Build.0 = Release|Any CPU
		{C5AE7853-3D1B-4538-A329-BC709B7F5422}.Release|x86.ActiveCfg = Release|Any CPU
		{C5AE7853-3D1B-4538-A329-BC709B7F5422}.Release|x86.Build.0 = Release|Any CPU
		{D006CA39-DA61-4887-B8AC-1FE223C1A80C}.Ad-Hoc|Any CPU.ActiveCfg = Release|Any CPU
		{D006CA39-DA61-4887-B8AC-1FE223C1A80C}.Ad-Hoc|Any CPU.Build.0 = Release|Any CPU
		{D006CA39-DA61-4887-B8AC-1FE223C1A80C}.Ad-Hoc|Any CPU.Deploy.0 = Release|Any CPU
		{D006CA39-DA61-4887-B8AC-1FE223C1A80C}.Ad-Hoc|ARM.ActiveCfg = Release|Any CPU
		{D006CA39-DA61-4887-B8AC-1FE223C1A80C}.Ad-Hoc|ARM.Build.0 = Release|Any CPU
		{D006CA39-DA61-4887-B8AC-1FE223C1A80C}.Ad-Hoc|ARM.Deploy.0 = Release|Any CPU
		{D006CA39-DA61-4887-B8AC-1FE223C1A80C}.Ad-Hoc|iPhone.ActiveCfg = Release|Any CPU
		{D006CA39-DA61-4887-B8AC-1FE223C1A80C}.Ad-Hoc|iPhone.Build.0 = Release|Any CPU
		{D006CA39-DA61-4887-B8AC-1FE223C1A80C}.Ad-Hoc|iPhone.Deploy.0 = Release|Any CPU
		{D006CA39-DA61-4887-B8AC-1FE223C1A80C}.Ad-Hoc|iPhoneSimulator.ActiveCfg = Release|Any CPU
		{D006CA39-DA61-4887-B8AC-1FE223C1A80C}.Ad-Hoc|iPhoneSimulator.Build.0 = Release|Any CPU
		{D006CA39-DA61-4887-B8AC-1FE223C1A80C}.Ad-Hoc|iPhoneSimulator.Deploy.0 = Release|Any CPU
		{D006CA39-DA61-4887-B8AC-1FE223C1A80C}.Ad-Hoc|x64.ActiveCfg = Release|Any CPU
		{D006CA39-DA61-4887-B8AC-1FE223C1A80C}.Ad-Hoc|x64.Build.0 = Release|Any CPU
		{D006CA39-DA61-4887-B8AC-1FE223C1A80C}.Ad-Hoc|x64.Deploy.0 = Release|Any CPU
		{D006CA39-DA61-4887-B8AC-1FE223C1A80C}.Ad-Hoc|x86.ActiveCfg = Release|Any CPU
		{D006CA39-DA61-4887-B8AC-1FE223C1A80C}.Ad-Hoc|x86.Build.0 = Release|Any CPU
		{D006CA39-DA61-4887-B8AC-1FE223C1A80C}.Ad-Hoc|x86.Deploy.0 = Release|Any CPU
		{D006CA39-DA61-4887-B8AC-1FE223C1A80C}.AppStore|Any CPU.ActiveCfg = Release|Any CPU
		{D006CA39-DA61-4887-B8AC-1FE223C1A80C}.AppStore|Any CPU.Build.0 = Release|Any CPU
		{D006CA39-DA61-4887-B8AC-1FE223C1A80C}.AppStore|Any CPU.Deploy.0 = Release|Any CPU
		{D006CA39-DA61-4887-B8AC-1FE223C1A80C}.AppStore|ARM.ActiveCfg = Release|Any CPU
		{D006CA39-DA61-4887-B8AC-1FE223C1A80C}.AppStore|ARM.Build.0 = Release|Any CPU
		{D006CA39-DA61-4887-B8AC-1FE223C1A80C}.AppStore|ARM.Deploy.0 = Release|Any CPU
		{D006CA39-DA61-4887-B8AC-1FE223C1A80C}.AppStore|iPhone.ActiveCfg = Release|Any CPU
		{D006CA39-DA61-4887-B8AC-1FE223C1A80C}.AppStore|iPhone.Build.0 = Release|Any CPU
		{D006CA39-DA61-4887-B8AC-1FE223C1A80C}.AppStore|iPhone.Deploy.0 = Release|Any CPU
		{D006CA39-DA61-4887-B8AC-1FE223C1A80C}.AppStore|iPhoneSimulator.ActiveCfg = Release|Any CPU
		{D006CA39-DA61-4887-B8AC-1FE223C1A80C}.AppStore|iPhoneSimulator.Build.0 = Release|Any CPU
		{D006CA39-DA61-4887-B8AC-1FE223C1A80C}.AppStore|iPhoneSimulator.Deploy.0 = Release|Any CPU
		{D006CA39-DA61-4887-B8AC-1FE223C1A80C}.AppStore|x64.ActiveCfg = Release|Any CPU
		{D006CA39-DA61-4887-B8AC-1FE223C1A80C}.AppStore|x64.Build.0 = Release|Any CPU
		{D006CA39-DA61-4887-B8AC-1FE223C1A80C}.AppStore|x64.Deploy.0 = Release|Any CPU
		{D006CA39-DA61-4887-B8AC-1FE223C1A80C}.AppStore|x86.ActiveCfg = Release|Any CPU
		{D006CA39-DA61-4887-B8AC-1FE223C1A80C}.AppStore|x86.Build.0 = Release|Any CPU
		{D006CA39-DA61-4887-B8AC-1FE223C1A80C}.AppStore|x86.Deploy.0 = Release|Any CPU
		{D006CA39-DA61-4887-B8AC-1FE223C1A80C}.Debug|Any CPU.ActiveCfg = Debug|Any CPU
		{D006CA39-DA61-4887-B8AC-1FE223C1A80C}.Debug|Any CPU.Build.0 = Debug|Any CPU
		{D006CA39-DA61-4887-B8AC-1FE223C1A80C}.Debug|Any CPU.Deploy.0 = Debug|Any CPU
		{D006CA39-DA61-4887-B8AC-1FE223C1A80C}.Debug|ARM.ActiveCfg = Debug|Any CPU
		{D006CA39-DA61-4887-B8AC-1FE223C1A80C}.Debug|ARM.Build.0 = Debug|Any CPU
		{D006CA39-DA61-4887-B8AC-1FE223C1A80C}.Debug|ARM.Deploy.0 = Debug|Any CPU
		{D006CA39-DA61-4887-B8AC-1FE223C1A80C}.Debug|iPhone.ActiveCfg = Debug|Any CPU
		{D006CA39-DA61-4887-B8AC-1FE223C1A80C}.Debug|iPhone.Build.0 = Debug|Any CPU
		{D006CA39-DA61-4887-B8AC-1FE223C1A80C}.Debug|iPhone.Deploy.0 = Debug|Any CPU
		{D006CA39-DA61-4887-B8AC-1FE223C1A80C}.Debug|iPhoneSimulator.ActiveCfg = Debug|Any CPU
		{D006CA39-DA61-4887-B8AC-1FE223C1A80C}.Debug|iPhoneSimulator.Build.0 = Debug|Any CPU
		{D006CA39-DA61-4887-B8AC-1FE223C1A80C}.Debug|iPhoneSimulator.Deploy.0 = Debug|Any CPU
		{D006CA39-DA61-4887-B8AC-1FE223C1A80C}.Debug|x64.ActiveCfg = Debug|Any CPU
		{D006CA39-DA61-4887-B8AC-1FE223C1A80C}.Debug|x64.Build.0 = Debug|Any CPU
		{D006CA39-DA61-4887-B8AC-1FE223C1A80C}.Debug|x64.Deploy.0 = Debug|Any CPU
		{D006CA39-DA61-4887-B8AC-1FE223C1A80C}.Debug|x86.ActiveCfg = Debug|Any CPU
		{D006CA39-DA61-4887-B8AC-1FE223C1A80C}.Debug|x86.Build.0 = Debug|Any CPU
		{D006CA39-DA61-4887-B8AC-1FE223C1A80C}.Debug|x86.Deploy.0 = Debug|Any CPU
		{D006CA39-DA61-4887-B8AC-1FE223C1A80C}.Release|Any CPU.ActiveCfg = Release|Any CPU
		{D006CA39-DA61-4887-B8AC-1FE223C1A80C}.Release|Any CPU.Build.0 = Release|Any CPU
		{D006CA39-DA61-4887-B8AC-1FE223C1A80C}.Release|Any CPU.Deploy.0 = Release|Any CPU
		{D006CA39-DA61-4887-B8AC-1FE223C1A80C}.Release|ARM.ActiveCfg = Release|Any CPU
		{D006CA39-DA61-4887-B8AC-1FE223C1A80C}.Release|ARM.Build.0 = Release|Any CPU
		{D006CA39-DA61-4887-B8AC-1FE223C1A80C}.Release|ARM.Deploy.0 = Release|Any CPU
		{D006CA39-DA61-4887-B8AC-1FE223C1A80C}.Release|iPhone.ActiveCfg = Release|Any CPU
		{D006CA39-DA61-4887-B8AC-1FE223C1A80C}.Release|iPhone.Build.0 = Release|Any CPU
		{D006CA39-DA61-4887-B8AC-1FE223C1A80C}.Release|iPhone.Deploy.0 = Release|Any CPU
		{D006CA39-DA61-4887-B8AC-1FE223C1A80C}.Release|iPhoneSimulator.ActiveCfg = Release|Any CPU
		{D006CA39-DA61-4887-B8AC-1FE223C1A80C}.Release|iPhoneSimulator.Build.0 = Release|Any CPU
		{D006CA39-DA61-4887-B8AC-1FE223C1A80C}.Release|iPhoneSimulator.Deploy.0 = Release|Any CPU
		{D006CA39-DA61-4887-B8AC-1FE223C1A80C}.Release|x64.ActiveCfg = Release|Any CPU
		{D006CA39-DA61-4887-B8AC-1FE223C1A80C}.Release|x64.Build.0 = Release|Any CPU
		{D006CA39-DA61-4887-B8AC-1FE223C1A80C}.Release|x64.Deploy.0 = Release|Any CPU
		{D006CA39-DA61-4887-B8AC-1FE223C1A80C}.Release|x86.ActiveCfg = Release|Any CPU
		{D006CA39-DA61-4887-B8AC-1FE223C1A80C}.Release|x86.Build.0 = Release|Any CPU
		{D006CA39-DA61-4887-B8AC-1FE223C1A80C}.Release|x86.Deploy.0 = Release|Any CPU
		{9D2B2FDC-3C22-4834-8069-15D0C8F22770}.Ad-Hoc|Any CPU.ActiveCfg = Ad-Hoc|iPhone
		{9D2B2FDC-3C22-4834-8069-15D0C8F22770}.Ad-Hoc|ARM.ActiveCfg = Ad-Hoc|iPhone
		{9D2B2FDC-3C22-4834-8069-15D0C8F22770}.Ad-Hoc|iPhone.ActiveCfg = Ad-Hoc|iPhone
		{9D2B2FDC-3C22-4834-8069-15D0C8F22770}.Ad-Hoc|iPhone.Build.0 = Ad-Hoc|iPhone
		{9D2B2FDC-3C22-4834-8069-15D0C8F22770}.Ad-Hoc|iPhoneSimulator.ActiveCfg = Ad-Hoc|iPhoneSimulator
		{9D2B2FDC-3C22-4834-8069-15D0C8F22770}.Ad-Hoc|iPhoneSimulator.Build.0 = Ad-Hoc|iPhoneSimulator
		{9D2B2FDC-3C22-4834-8069-15D0C8F22770}.Ad-Hoc|x64.ActiveCfg = Ad-Hoc|iPhone
		{9D2B2FDC-3C22-4834-8069-15D0C8F22770}.Ad-Hoc|x86.ActiveCfg = Ad-Hoc|iPhone
		{9D2B2FDC-3C22-4834-8069-15D0C8F22770}.AppStore|Any CPU.ActiveCfg = AppStore|iPhone
		{9D2B2FDC-3C22-4834-8069-15D0C8F22770}.AppStore|ARM.ActiveCfg = AppStore|iPhone
		{9D2B2FDC-3C22-4834-8069-15D0C8F22770}.AppStore|iPhone.ActiveCfg = AppStore|iPhone
		{9D2B2FDC-3C22-4834-8069-15D0C8F22770}.AppStore|iPhone.Build.0 = AppStore|iPhone
		{9D2B2FDC-3C22-4834-8069-15D0C8F22770}.AppStore|iPhoneSimulator.ActiveCfg = AppStore|iPhoneSimulator
		{9D2B2FDC-3C22-4834-8069-15D0C8F22770}.AppStore|iPhoneSimulator.Build.0 = AppStore|iPhoneSimulator
		{9D2B2FDC-3C22-4834-8069-15D0C8F22770}.AppStore|x64.ActiveCfg = AppStore|iPhone
		{9D2B2FDC-3C22-4834-8069-15D0C8F22770}.AppStore|x86.ActiveCfg = AppStore|iPhone
		{9D2B2FDC-3C22-4834-8069-15D0C8F22770}.Debug|Any CPU.ActiveCfg = Debug|iPhone
		{9D2B2FDC-3C22-4834-8069-15D0C8F22770}.Debug|ARM.ActiveCfg = Debug|iPhone
		{9D2B2FDC-3C22-4834-8069-15D0C8F22770}.Debug|iPhone.ActiveCfg = Debug|iPhone
		{9D2B2FDC-3C22-4834-8069-15D0C8F22770}.Debug|iPhone.Build.0 = Debug|iPhone
		{9D2B2FDC-3C22-4834-8069-15D0C8F22770}.Debug|iPhoneSimulator.ActiveCfg = Debug|iPhoneSimulator
		{9D2B2FDC-3C22-4834-8069-15D0C8F22770}.Debug|iPhoneSimulator.Build.0 = Debug|iPhoneSimulator
		{9D2B2FDC-3C22-4834-8069-15D0C8F22770}.Debug|x64.ActiveCfg = Debug|iPhone
		{9D2B2FDC-3C22-4834-8069-15D0C8F22770}.Debug|x86.ActiveCfg = Debug|iPhone
		{9D2B2FDC-3C22-4834-8069-15D0C8F22770}.Release|Any CPU.ActiveCfg = Release|iPhone
		{9D2B2FDC-3C22-4834-8069-15D0C8F22770}.Release|ARM.ActiveCfg = Release|iPhone
		{9D2B2FDC-3C22-4834-8069-15D0C8F22770}.Release|iPhone.ActiveCfg = Release|iPhone
		{9D2B2FDC-3C22-4834-8069-15D0C8F22770}.Release|iPhone.Build.0 = Release|iPhone
		{9D2B2FDC-3C22-4834-8069-15D0C8F22770}.Release|iPhoneSimulator.ActiveCfg = Release|iPhoneSimulator
		{9D2B2FDC-3C22-4834-8069-15D0C8F22770}.Release|iPhoneSimulator.Build.0 = Release|iPhoneSimulator
		{9D2B2FDC-3C22-4834-8069-15D0C8F22770}.Release|x64.ActiveCfg = Release|iPhone
		{9D2B2FDC-3C22-4834-8069-15D0C8F22770}.Release|x86.ActiveCfg = Release|iPhone
		{F8B7E486-3D08-4657-B4CF-985214392F36}.Ad-Hoc|Any CPU.ActiveCfg = Release|Any CPU
		{F8B7E486-3D08-4657-B4CF-985214392F36}.Ad-Hoc|Any CPU.Build.0 = Release|Any CPU
		{F8B7E486-3D08-4657-B4CF-985214392F36}.Ad-Hoc|Any CPU.Deploy.0 = Release|Any CPU
		{F8B7E486-3D08-4657-B4CF-985214392F36}.Ad-Hoc|ARM.ActiveCfg = Release|ARM
		{F8B7E486-3D08-4657-B4CF-985214392F36}.Ad-Hoc|ARM.Build.0 = Release|ARM
		{F8B7E486-3D08-4657-B4CF-985214392F36}.Ad-Hoc|ARM.Deploy.0 = Release|ARM
		{F8B7E486-3D08-4657-B4CF-985214392F36}.Ad-Hoc|iPhone.ActiveCfg = Release|Any CPU
		{F8B7E486-3D08-4657-B4CF-985214392F36}.Ad-Hoc|iPhone.Build.0 = Release|Any CPU
		{F8B7E486-3D08-4657-B4CF-985214392F36}.Ad-Hoc|iPhone.Deploy.0 = Release|Any CPU
		{F8B7E486-3D08-4657-B4CF-985214392F36}.Ad-Hoc|iPhoneSimulator.ActiveCfg = Release|Any CPU
		{F8B7E486-3D08-4657-B4CF-985214392F36}.Ad-Hoc|iPhoneSimulator.Build.0 = Release|Any CPU
		{F8B7E486-3D08-4657-B4CF-985214392F36}.Ad-Hoc|iPhoneSimulator.Deploy.0 = Release|Any CPU
		{F8B7E486-3D08-4657-B4CF-985214392F36}.Ad-Hoc|x64.ActiveCfg = Release|Any CPU
		{F8B7E486-3D08-4657-B4CF-985214392F36}.Ad-Hoc|x64.Build.0 = Release|Any CPU
		{F8B7E486-3D08-4657-B4CF-985214392F36}.Ad-Hoc|x64.Deploy.0 = Release|Any CPU
		{F8B7E486-3D08-4657-B4CF-985214392F36}.Ad-Hoc|x86.ActiveCfg = Release|x86
		{F8B7E486-3D08-4657-B4CF-985214392F36}.Ad-Hoc|x86.Build.0 = Release|x86
		{F8B7E486-3D08-4657-B4CF-985214392F36}.Ad-Hoc|x86.Deploy.0 = Release|x86
		{F8B7E486-3D08-4657-B4CF-985214392F36}.AppStore|Any CPU.ActiveCfg = Release|Any CPU
		{F8B7E486-3D08-4657-B4CF-985214392F36}.AppStore|Any CPU.Build.0 = Release|Any CPU
		{F8B7E486-3D08-4657-B4CF-985214392F36}.AppStore|Any CPU.Deploy.0 = Release|Any CPU
		{F8B7E486-3D08-4657-B4CF-985214392F36}.AppStore|ARM.ActiveCfg = Release|ARM
		{F8B7E486-3D08-4657-B4CF-985214392F36}.AppStore|ARM.Build.0 = Release|ARM
		{F8B7E486-3D08-4657-B4CF-985214392F36}.AppStore|ARM.Deploy.0 = Release|ARM
		{F8B7E486-3D08-4657-B4CF-985214392F36}.AppStore|iPhone.ActiveCfg = Release|Any CPU
		{F8B7E486-3D08-4657-B4CF-985214392F36}.AppStore|iPhone.Build.0 = Release|Any CPU
		{F8B7E486-3D08-4657-B4CF-985214392F36}.AppStore|iPhone.Deploy.0 = Release|Any CPU
		{F8B7E486-3D08-4657-B4CF-985214392F36}.AppStore|iPhoneSimulator.ActiveCfg = Release|Any CPU
		{F8B7E486-3D08-4657-B4CF-985214392F36}.AppStore|iPhoneSimulator.Build.0 = Release|Any CPU
		{F8B7E486-3D08-4657-B4CF-985214392F36}.AppStore|iPhoneSimulator.Deploy.0 = Release|Any CPU
		{F8B7E486-3D08-4657-B4CF-985214392F36}.AppStore|x64.ActiveCfg = Release|Any CPU
		{F8B7E486-3D08-4657-B4CF-985214392F36}.AppStore|x64.Build.0 = Release|Any CPU
		{F8B7E486-3D08-4657-B4CF-985214392F36}.AppStore|x64.Deploy.0 = Release|Any CPU
		{F8B7E486-3D08-4657-B4CF-985214392F36}.AppStore|x86.ActiveCfg = Release|x86
		{F8B7E486-3D08-4657-B4CF-985214392F36}.AppStore|x86.Build.0 = Release|x86
		{F8B7E486-3D08-4657-B4CF-985214392F36}.AppStore|x86.Deploy.0 = Release|x86
		{F8B7E486-3D08-4657-B4CF-985214392F36}.Debug|Any CPU.ActiveCfg = Debug|Any CPU
		{F8B7E486-3D08-4657-B4CF-985214392F36}.Debug|Any CPU.Build.0 = Debug|Any CPU
		{F8B7E486-3D08-4657-B4CF-985214392F36}.Debug|Any CPU.Deploy.0 = Debug|Any CPU
		{F8B7E486-3D08-4657-B4CF-985214392F36}.Debug|ARM.ActiveCfg = Debug|ARM
		{F8B7E486-3D08-4657-B4CF-985214392F36}.Debug|ARM.Build.0 = Debug|ARM
		{F8B7E486-3D08-4657-B4CF-985214392F36}.Debug|ARM.Deploy.0 = Debug|ARM
		{F8B7E486-3D08-4657-B4CF-985214392F36}.Debug|iPhone.ActiveCfg = Debug|Any CPU
		{F8B7E486-3D08-4657-B4CF-985214392F36}.Debug|iPhone.Build.0 = Debug|Any CPU
		{F8B7E486-3D08-4657-B4CF-985214392F36}.Debug|iPhone.Deploy.0 = Debug|Any CPU
		{F8B7E486-3D08-4657-B4CF-985214392F36}.Debug|iPhoneSimulator.ActiveCfg = Debug|Any CPU
		{F8B7E486-3D08-4657-B4CF-985214392F36}.Debug|iPhoneSimulator.Build.0 = Debug|Any CPU
		{F8B7E486-3D08-4657-B4CF-985214392F36}.Debug|iPhoneSimulator.Deploy.0 = Debug|Any CPU
		{F8B7E486-3D08-4657-B4CF-985214392F36}.Debug|x64.ActiveCfg = Debug|Any CPU
		{F8B7E486-3D08-4657-B4CF-985214392F36}.Debug|x64.Build.0 = Debug|Any CPU
		{F8B7E486-3D08-4657-B4CF-985214392F36}.Debug|x64.Deploy.0 = Debug|Any CPU
		{F8B7E486-3D08-4657-B4CF-985214392F36}.Debug|x86.ActiveCfg = Debug|x86
		{F8B7E486-3D08-4657-B4CF-985214392F36}.Debug|x86.Build.0 = Debug|x86
		{F8B7E486-3D08-4657-B4CF-985214392F36}.Debug|x86.Deploy.0 = Debug|x86
		{F8B7E486-3D08-4657-B4CF-985214392F36}.Release|Any CPU.ActiveCfg = Release|Any CPU
		{F8B7E486-3D08-4657-B4CF-985214392F36}.Release|Any CPU.Build.0 = Release|Any CPU
		{F8B7E486-3D08-4657-B4CF-985214392F36}.Release|Any CPU.Deploy.0 = Release|Any CPU
		{F8B7E486-3D08-4657-B4CF-985214392F36}.Release|ARM.ActiveCfg = Release|ARM
		{F8B7E486-3D08-4657-B4CF-985214392F36}.Release|ARM.Build.0 = Release|ARM
		{F8B7E486-3D08-4657-B4CF-985214392F36}.Release|ARM.Deploy.0 = Release|ARM
		{F8B7E486-3D08-4657-B4CF-985214392F36}.Release|iPhone.ActiveCfg = Release|Any CPU
		{F8B7E486-3D08-4657-B4CF-985214392F36}.Release|iPhone.Build.0 = Release|Any CPU
		{F8B7E486-3D08-4657-B4CF-985214392F36}.Release|iPhone.Deploy.0 = Release|Any CPU
		{F8B7E486-3D08-4657-B4CF-985214392F36}.Release|iPhoneSimulator.ActiveCfg = Release|Any CPU
		{F8B7E486-3D08-4657-B4CF-985214392F36}.Release|iPhoneSimulator.Build.0 = Release|Any CPU
		{F8B7E486-3D08-4657-B4CF-985214392F36}.Release|iPhoneSimulator.Deploy.0 = Release|Any CPU
		{F8B7E486-3D08-4657-B4CF-985214392F36}.Release|x64.ActiveCfg = Release|Any CPU
		{F8B7E486-3D08-4657-B4CF-985214392F36}.Release|x64.Build.0 = Release|Any CPU
		{F8B7E486-3D08-4657-B4CF-985214392F36}.Release|x64.Deploy.0 = Release|Any CPU
		{F8B7E486-3D08-4657-B4CF-985214392F36}.Release|x86.ActiveCfg = Release|x86
		{F8B7E486-3D08-4657-B4CF-985214392F36}.Release|x86.Build.0 = Release|x86
		{F8B7E486-3D08-4657-B4CF-985214392F36}.Release|x86.Deploy.0 = Release|x86
		{D9AA7663-257D-448B-AF6D-79395D5633CA}.Ad-Hoc|Any CPU.ActiveCfg = Release|x86
		{D9AA7663-257D-448B-AF6D-79395D5633CA}.Ad-Hoc|Any CPU.Build.0 = Release|x86
		{D9AA7663-257D-448B-AF6D-79395D5633CA}.Ad-Hoc|Any CPU.Deploy.0 = Release|x86
		{D9AA7663-257D-448B-AF6D-79395D5633CA}.Ad-Hoc|ARM.ActiveCfg = Release|ARM
		{D9AA7663-257D-448B-AF6D-79395D5633CA}.Ad-Hoc|ARM.Build.0 = Release|ARM
		{D9AA7663-257D-448B-AF6D-79395D5633CA}.Ad-Hoc|ARM.Deploy.0 = Release|ARM
		{D9AA7663-257D-448B-AF6D-79395D5633CA}.Ad-Hoc|iPhone.ActiveCfg = Release|x86
		{D9AA7663-257D-448B-AF6D-79395D5633CA}.Ad-Hoc|iPhone.Build.0 = Release|x86
		{D9AA7663-257D-448B-AF6D-79395D5633CA}.Ad-Hoc|iPhone.Deploy.0 = Release|x86
		{D9AA7663-257D-448B-AF6D-79395D5633CA}.Ad-Hoc|iPhoneSimulator.ActiveCfg = Release|x86
		{D9AA7663-257D-448B-AF6D-79395D5633CA}.Ad-Hoc|iPhoneSimulator.Build.0 = Release|x86
		{D9AA7663-257D-448B-AF6D-79395D5633CA}.Ad-Hoc|iPhoneSimulator.Deploy.0 = Release|x86
		{D9AA7663-257D-448B-AF6D-79395D5633CA}.Ad-Hoc|x64.ActiveCfg = Release|x64
		{D9AA7663-257D-448B-AF6D-79395D5633CA}.Ad-Hoc|x64.Build.0 = Release|x64
		{D9AA7663-257D-448B-AF6D-79395D5633CA}.Ad-Hoc|x64.Deploy.0 = Release|x64
		{D9AA7663-257D-448B-AF6D-79395D5633CA}.Ad-Hoc|x86.ActiveCfg = Release|x86
		{D9AA7663-257D-448B-AF6D-79395D5633CA}.Ad-Hoc|x86.Build.0 = Release|x86
		{D9AA7663-257D-448B-AF6D-79395D5633CA}.Ad-Hoc|x86.Deploy.0 = Release|x86
		{D9AA7663-257D-448B-AF6D-79395D5633CA}.AppStore|Any CPU.ActiveCfg = Release|x86
		{D9AA7663-257D-448B-AF6D-79395D5633CA}.AppStore|Any CPU.Build.0 = Release|x86
		{D9AA7663-257D-448B-AF6D-79395D5633CA}.AppStore|Any CPU.Deploy.0 = Release|x86
		{D9AA7663-257D-448B-AF6D-79395D5633CA}.AppStore|ARM.ActiveCfg = Release|ARM
		{D9AA7663-257D-448B-AF6D-79395D5633CA}.AppStore|ARM.Build.0 = Release|ARM
		{D9AA7663-257D-448B-AF6D-79395D5633CA}.AppStore|ARM.Deploy.0 = Release|ARM
		{D9AA7663-257D-448B-AF6D-79395D5633CA}.AppStore|iPhone.ActiveCfg = Release|x86
		{D9AA7663-257D-448B-AF6D-79395D5633CA}.AppStore|iPhone.Build.0 = Release|x86
		{D9AA7663-257D-448B-AF6D-79395D5633CA}.AppStore|iPhone.Deploy.0 = Release|x86
		{D9AA7663-257D-448B-AF6D-79395D5633CA}.AppStore|iPhoneSimulator.ActiveCfg = Release|x86
		{D9AA7663-257D-448B-AF6D-79395D5633CA}.AppStore|iPhoneSimulator.Build.0 = Release|x86
		{D9AA7663-257D-448B-AF6D-79395D5633CA}.AppStore|iPhoneSimulator.Deploy.0 = Release|x86
		{D9AA7663-257D-448B-AF6D-79395D5633CA}.AppStore|x64.ActiveCfg = Release|x64
		{D9AA7663-257D-448B-AF6D-79395D5633CA}.AppStore|x64.Build.0 = Release|x64
		{D9AA7663-257D-448B-AF6D-79395D5633CA}.AppStore|x64.Deploy.0 = Release|x64
		{D9AA7663-257D-448B-AF6D-79395D5633CA}.AppStore|x86.ActiveCfg = Release|x86
		{D9AA7663-257D-448B-AF6D-79395D5633CA}.AppStore|x86.Build.0 = Release|x86
		{D9AA7663-257D-448B-AF6D-79395D5633CA}.AppStore|x86.Deploy.0 = Release|x86
		{D9AA7663-257D-448B-AF6D-79395D5633CA}.Debug|Any CPU.ActiveCfg = Debug|x86
		{D9AA7663-257D-448B-AF6D-79395D5633CA}.Debug|ARM.ActiveCfg = Debug|ARM
		{D9AA7663-257D-448B-AF6D-79395D5633CA}.Debug|ARM.Build.0 = Debug|ARM
		{D9AA7663-257D-448B-AF6D-79395D5633CA}.Debug|ARM.Deploy.0 = Debug|ARM
		{D9AA7663-257D-448B-AF6D-79395D5633CA}.Debug|iPhone.ActiveCfg = Debug|x86
		{D9AA7663-257D-448B-AF6D-79395D5633CA}.Debug|iPhoneSimulator.ActiveCfg = Debug|x86
		{D9AA7663-257D-448B-AF6D-79395D5633CA}.Debug|x64.ActiveCfg = Debug|x64
		{D9AA7663-257D-448B-AF6D-79395D5633CA}.Debug|x64.Build.0 = Debug|x64
		{D9AA7663-257D-448B-AF6D-79395D5633CA}.Debug|x64.Deploy.0 = Debug|x64
		{D9AA7663-257D-448B-AF6D-79395D5633CA}.Debug|x86.ActiveCfg = Debug|x86
		{D9AA7663-257D-448B-AF6D-79395D5633CA}.Debug|x86.Build.0 = Debug|x86
		{D9AA7663-257D-448B-AF6D-79395D5633CA}.Debug|x86.Deploy.0 = Debug|x86
		{D9AA7663-257D-448B-AF6D-79395D5633CA}.Release|Any CPU.ActiveCfg = Release|x86
		{D9AA7663-257D-448B-AF6D-79395D5633CA}.Release|ARM.ActiveCfg = Release|ARM
		{D9AA7663-257D-448B-AF6D-79395D5633CA}.Release|ARM.Build.0 = Release|ARM
		{D9AA7663-257D-448B-AF6D-79395D5633CA}.Release|ARM.Deploy.0 = Release|ARM
		{D9AA7663-257D-448B-AF6D-79395D5633CA}.Release|iPhone.ActiveCfg = Release|x86
		{D9AA7663-257D-448B-AF6D-79395D5633CA}.Release|iPhoneSimulator.ActiveCfg = Release|x86
		{D9AA7663-257D-448B-AF6D-79395D5633CA}.Release|x64.ActiveCfg = Release|x64
		{D9AA7663-257D-448B-AF6D-79395D5633CA}.Release|x64.Build.0 = Release|x64
		{D9AA7663-257D-448B-AF6D-79395D5633CA}.Release|x64.Deploy.0 = Release|x64
		{D9AA7663-257D-448B-AF6D-79395D5633CA}.Release|x86.ActiveCfg = Release|x86
		{D9AA7663-257D-448B-AF6D-79395D5633CA}.Release|x86.Build.0 = Release|x86
		{D9AA7663-257D-448B-AF6D-79395D5633CA}.Release|x86.Deploy.0 = Release|x86
		{3CE104A7-D3CF-4990-BD02-35C29F89051D}.Ad-Hoc|Any CPU.ActiveCfg = Release|Any CPU
		{3CE104A7-D3CF-4990-BD02-35C29F89051D}.Ad-Hoc|Any CPU.Build.0 = Release|Any CPU
		{3CE104A7-D3CF-4990-BD02-35C29F89051D}.Ad-Hoc|Any CPU.Deploy.0 = Release|Any CPU
		{3CE104A7-D3CF-4990-BD02-35C29F89051D}.Ad-Hoc|ARM.ActiveCfg = Release|ARM
		{3CE104A7-D3CF-4990-BD02-35C29F89051D}.Ad-Hoc|ARM.Build.0 = Release|ARM
		{3CE104A7-D3CF-4990-BD02-35C29F89051D}.Ad-Hoc|ARM.Deploy.0 = Release|ARM
		{3CE104A7-D3CF-4990-BD02-35C29F89051D}.Ad-Hoc|iPhone.ActiveCfg = Release|Any CPU
		{3CE104A7-D3CF-4990-BD02-35C29F89051D}.Ad-Hoc|iPhone.Build.0 = Release|Any CPU
		{3CE104A7-D3CF-4990-BD02-35C29F89051D}.Ad-Hoc|iPhone.Deploy.0 = Release|Any CPU
		{3CE104A7-D3CF-4990-BD02-35C29F89051D}.Ad-Hoc|iPhoneSimulator.ActiveCfg = Release|Any CPU
		{3CE104A7-D3CF-4990-BD02-35C29F89051D}.Ad-Hoc|iPhoneSimulator.Build.0 = Release|Any CPU
		{3CE104A7-D3CF-4990-BD02-35C29F89051D}.Ad-Hoc|iPhoneSimulator.Deploy.0 = Release|Any CPU
		{3CE104A7-D3CF-4990-BD02-35C29F89051D}.Ad-Hoc|x64.ActiveCfg = Release|x64
		{3CE104A7-D3CF-4990-BD02-35C29F89051D}.Ad-Hoc|x64.Build.0 = Release|x64
		{3CE104A7-D3CF-4990-BD02-35C29F89051D}.Ad-Hoc|x64.Deploy.0 = Release|x64
		{3CE104A7-D3CF-4990-BD02-35C29F89051D}.Ad-Hoc|x86.ActiveCfg = Release|x86
		{3CE104A7-D3CF-4990-BD02-35C29F89051D}.Ad-Hoc|x86.Build.0 = Release|x86
		{3CE104A7-D3CF-4990-BD02-35C29F89051D}.Ad-Hoc|x86.Deploy.0 = Release|x86
		{3CE104A7-D3CF-4990-BD02-35C29F89051D}.AppStore|Any CPU.ActiveCfg = Release|Any CPU
		{3CE104A7-D3CF-4990-BD02-35C29F89051D}.AppStore|Any CPU.Build.0 = Release|Any CPU
		{3CE104A7-D3CF-4990-BD02-35C29F89051D}.AppStore|Any CPU.Deploy.0 = Release|Any CPU
		{3CE104A7-D3CF-4990-BD02-35C29F89051D}.AppStore|ARM.ActiveCfg = Release|ARM
		{3CE104A7-D3CF-4990-BD02-35C29F89051D}.AppStore|ARM.Build.0 = Release|ARM
		{3CE104A7-D3CF-4990-BD02-35C29F89051D}.AppStore|ARM.Deploy.0 = Release|ARM
		{3CE104A7-D3CF-4990-BD02-35C29F89051D}.AppStore|iPhone.ActiveCfg = Release|Any CPU
		{3CE104A7-D3CF-4990-BD02-35C29F89051D}.AppStore|iPhone.Build.0 = Release|Any CPU
		{3CE104A7-D3CF-4990-BD02-35C29F89051D}.AppStore|iPhone.Deploy.0 = Release|Any CPU
		{3CE104A7-D3CF-4990-BD02-35C29F89051D}.AppStore|iPhoneSimulator.ActiveCfg = Release|Any CPU
		{3CE104A7-D3CF-4990-BD02-35C29F89051D}.AppStore|iPhoneSimulator.Build.0 = Release|Any CPU
		{3CE104A7-D3CF-4990-BD02-35C29F89051D}.AppStore|iPhoneSimulator.Deploy.0 = Release|Any CPU
		{3CE104A7-D3CF-4990-BD02-35C29F89051D}.AppStore|x64.ActiveCfg = Release|x64
		{3CE104A7-D3CF-4990-BD02-35C29F89051D}.AppStore|x64.Build.0 = Release|x64
		{3CE104A7-D3CF-4990-BD02-35C29F89051D}.AppStore|x64.Deploy.0 = Release|x64
		{3CE104A7-D3CF-4990-BD02-35C29F89051D}.AppStore|x86.ActiveCfg = Release|x86
		{3CE104A7-D3CF-4990-BD02-35C29F89051D}.AppStore|x86.Build.0 = Release|x86
		{3CE104A7-D3CF-4990-BD02-35C29F89051D}.AppStore|x86.Deploy.0 = Release|x86
		{3CE104A7-D3CF-4990-BD02-35C29F89051D}.Debug|Any CPU.ActiveCfg = Debug|Any CPU
		{3CE104A7-D3CF-4990-BD02-35C29F89051D}.Debug|Any CPU.Build.0 = Debug|Any CPU
		{3CE104A7-D3CF-4990-BD02-35C29F89051D}.Debug|Any CPU.Deploy.0 = Debug|Any CPU
		{3CE104A7-D3CF-4990-BD02-35C29F89051D}.Debug|ARM.ActiveCfg = Debug|ARM
		{3CE104A7-D3CF-4990-BD02-35C29F89051D}.Debug|ARM.Build.0 = Debug|ARM
		{3CE104A7-D3CF-4990-BD02-35C29F89051D}.Debug|ARM.Deploy.0 = Debug|ARM
		{3CE104A7-D3CF-4990-BD02-35C29F89051D}.Debug|iPhone.ActiveCfg = Debug|Any CPU
		{3CE104A7-D3CF-4990-BD02-35C29F89051D}.Debug|iPhone.Build.0 = Debug|Any CPU
		{3CE104A7-D3CF-4990-BD02-35C29F89051D}.Debug|iPhone.Deploy.0 = Debug|Any CPU
		{3CE104A7-D3CF-4990-BD02-35C29F89051D}.Debug|iPhoneSimulator.ActiveCfg = Debug|Any CPU
		{3CE104A7-D3CF-4990-BD02-35C29F89051D}.Debug|iPhoneSimulator.Build.0 = Debug|Any CPU
		{3CE104A7-D3CF-4990-BD02-35C29F89051D}.Debug|iPhoneSimulator.Deploy.0 = Debug|Any CPU
		{3CE104A7-D3CF-4990-BD02-35C29F89051D}.Debug|x64.ActiveCfg = Debug|x64
		{3CE104A7-D3CF-4990-BD02-35C29F89051D}.Debug|x64.Build.0 = Debug|x64
		{3CE104A7-D3CF-4990-BD02-35C29F89051D}.Debug|x64.Deploy.0 = Debug|x64
		{3CE104A7-D3CF-4990-BD02-35C29F89051D}.Debug|x86.ActiveCfg = Debug|x86
		{3CE104A7-D3CF-4990-BD02-35C29F89051D}.Debug|x86.Build.0 = Debug|x86
		{3CE104A7-D3CF-4990-BD02-35C29F89051D}.Debug|x86.Deploy.0 = Debug|x86
		{3CE104A7-D3CF-4990-BD02-35C29F89051D}.Release|Any CPU.ActiveCfg = Release|Any CPU
		{3CE104A7-D3CF-4990-BD02-35C29F89051D}.Release|Any CPU.Build.0 = Release|Any CPU
		{3CE104A7-D3CF-4990-BD02-35C29F89051D}.Release|Any CPU.Deploy.0 = Release|Any CPU
		{3CE104A7-D3CF-4990-BD02-35C29F89051D}.Release|ARM.ActiveCfg = Release|ARM
		{3CE104A7-D3CF-4990-BD02-35C29F89051D}.Release|ARM.Build.0 = Release|ARM
		{3CE104A7-D3CF-4990-BD02-35C29F89051D}.Release|ARM.Deploy.0 = Release|ARM
		{3CE104A7-D3CF-4990-BD02-35C29F89051D}.Release|iPhone.ActiveCfg = Release|Any CPU
		{3CE104A7-D3CF-4990-BD02-35C29F89051D}.Release|iPhone.Build.0 = Release|Any CPU
		{3CE104A7-D3CF-4990-BD02-35C29F89051D}.Release|iPhone.Deploy.0 = Release|Any CPU
		{3CE104A7-D3CF-4990-BD02-35C29F89051D}.Release|iPhoneSimulator.ActiveCfg = Release|Any CPU
		{3CE104A7-D3CF-4990-BD02-35C29F89051D}.Release|iPhoneSimulator.Build.0 = Release|Any CPU
		{3CE104A7-D3CF-4990-BD02-35C29F89051D}.Release|iPhoneSimulator.Deploy.0 = Release|Any CPU
		{3CE104A7-D3CF-4990-BD02-35C29F89051D}.Release|x64.ActiveCfg = Release|x64
		{3CE104A7-D3CF-4990-BD02-35C29F89051D}.Release|x64.Build.0 = Release|x64
		{3CE104A7-D3CF-4990-BD02-35C29F89051D}.Release|x64.Deploy.0 = Release|x64
		{3CE104A7-D3CF-4990-BD02-35C29F89051D}.Release|x86.ActiveCfg = Release|x86
		{3CE104A7-D3CF-4990-BD02-35C29F89051D}.Release|x86.Build.0 = Release|x86
		{3CE104A7-D3CF-4990-BD02-35C29F89051D}.Release|x86.Deploy.0 = Release|x86
		{310A0FE9-BE33-4D93-84D0-AB4AAAC8DEAA}.Ad-Hoc|Any CPU.ActiveCfg = Release|Any CPU
		{310A0FE9-BE33-4D93-84D0-AB4AAAC8DEAA}.Ad-Hoc|Any CPU.Build.0 = Release|Any CPU
		{310A0FE9-BE33-4D93-84D0-AB4AAAC8DEAA}.Ad-Hoc|ARM.ActiveCfg = Release|Any CPU
		{310A0FE9-BE33-4D93-84D0-AB4AAAC8DEAA}.Ad-Hoc|ARM.Build.0 = Release|Any CPU
		{310A0FE9-BE33-4D93-84D0-AB4AAAC8DEAA}.Ad-Hoc|iPhone.ActiveCfg = Release|Any CPU
		{310A0FE9-BE33-4D93-84D0-AB4AAAC8DEAA}.Ad-Hoc|iPhone.Build.0 = Release|Any CPU
		{310A0FE9-BE33-4D93-84D0-AB4AAAC8DEAA}.Ad-Hoc|iPhoneSimulator.ActiveCfg = Release|Any CPU
		{310A0FE9-BE33-4D93-84D0-AB4AAAC8DEAA}.Ad-Hoc|iPhoneSimulator.Build.0 = Release|Any CPU
		{310A0FE9-BE33-4D93-84D0-AB4AAAC8DEAA}.Ad-Hoc|x64.ActiveCfg = Release|Any CPU
		{310A0FE9-BE33-4D93-84D0-AB4AAAC8DEAA}.Ad-Hoc|x64.Build.0 = Release|Any CPU
		{310A0FE9-BE33-4D93-84D0-AB4AAAC8DEAA}.Ad-Hoc|x86.ActiveCfg = Release|Any CPU
		{310A0FE9-BE33-4D93-84D0-AB4AAAC8DEAA}.Ad-Hoc|x86.Build.0 = Release|Any CPU
		{310A0FE9-BE33-4D93-84D0-AB4AAAC8DEAA}.AppStore|Any CPU.ActiveCfg = Release|Any CPU
		{310A0FE9-BE33-4D93-84D0-AB4AAAC8DEAA}.AppStore|Any CPU.Build.0 = Release|Any CPU
		{310A0FE9-BE33-4D93-84D0-AB4AAAC8DEAA}.AppStore|ARM.ActiveCfg = Release|Any CPU
		{310A0FE9-BE33-4D93-84D0-AB4AAAC8DEAA}.AppStore|ARM.Build.0 = Release|Any CPU
		{310A0FE9-BE33-4D93-84D0-AB4AAAC8DEAA}.AppStore|iPhone.ActiveCfg = Release|Any CPU
		{310A0FE9-BE33-4D93-84D0-AB4AAAC8DEAA}.AppStore|iPhone.Build.0 = Release|Any CPU
		{310A0FE9-BE33-4D93-84D0-AB4AAAC8DEAA}.AppStore|iPhoneSimulator.ActiveCfg = Release|Any CPU
		{310A0FE9-BE33-4D93-84D0-AB4AAAC8DEAA}.AppStore|iPhoneSimulator.Build.0 = Release|Any CPU
		{310A0FE9-BE33-4D93-84D0-AB4AAAC8DEAA}.AppStore|x64.ActiveCfg = Release|Any CPU
		{310A0FE9-BE33-4D93-84D0-AB4AAAC8DEAA}.AppStore|x64.Build.0 = Release|Any CPU
		{310A0FE9-BE33-4D93-84D0-AB4AAAC8DEAA}.AppStore|x86.ActiveCfg = Release|Any CPU
		{310A0FE9-BE33-4D93-84D0-AB4AAAC8DEAA}.AppStore|x86.Build.0 = Release|Any CPU
		{310A0FE9-BE33-4D93-84D0-AB4AAAC8DEAA}.Debug|Any CPU.ActiveCfg = Debug|Any CPU
		{310A0FE9-BE33-4D93-84D0-AB4AAAC8DEAA}.Debug|Any CPU.Build.0 = Debug|Any CPU
		{310A0FE9-BE33-4D93-84D0-AB4AAAC8DEAA}.Debug|ARM.ActiveCfg = Debug|Any CPU
		{310A0FE9-BE33-4D93-84D0-AB4AAAC8DEAA}.Debug|ARM.Build.0 = Debug|Any CPU
		{310A0FE9-BE33-4D93-84D0-AB4AAAC8DEAA}.Debug|iPhone.ActiveCfg = Debug|Any CPU
		{310A0FE9-BE33-4D93-84D0-AB4AAAC8DEAA}.Debug|iPhone.Build.0 = Debug|Any CPU
		{310A0FE9-BE33-4D93-84D0-AB4AAAC8DEAA}.Debug|iPhoneSimulator.ActiveCfg = Debug|Any CPU
		{310A0FE9-BE33-4D93-84D0-AB4AAAC8DEAA}.Debug|iPhoneSimulator.Build.0 = Debug|Any CPU
		{310A0FE9-BE33-4D93-84D0-AB4AAAC8DEAA}.Debug|x64.ActiveCfg = Debug|Any CPU
		{310A0FE9-BE33-4D93-84D0-AB4AAAC8DEAA}.Debug|x64.Build.0 = Debug|Any CPU
		{310A0FE9-BE33-4D93-84D0-AB4AAAC8DEAA}.Debug|x86.ActiveCfg = Debug|Any CPU
		{310A0FE9-BE33-4D93-84D0-AB4AAAC8DEAA}.Debug|x86.Build.0 = Debug|Any CPU
		{310A0FE9-BE33-4D93-84D0-AB4AAAC8DEAA}.Release|Any CPU.ActiveCfg = Release|Any CPU
		{310A0FE9-BE33-4D93-84D0-AB4AAAC8DEAA}.Release|Any CPU.Build.0 = Release|Any CPU
		{310A0FE9-BE33-4D93-84D0-AB4AAAC8DEAA}.Release|ARM.ActiveCfg = Release|Any CPU
		{310A0FE9-BE33-4D93-84D0-AB4AAAC8DEAA}.Release|ARM.Build.0 = Release|Any CPU
		{310A0FE9-BE33-4D93-84D0-AB4AAAC8DEAA}.Release|iPhone.ActiveCfg = Release|Any CPU
		{310A0FE9-BE33-4D93-84D0-AB4AAAC8DEAA}.Release|iPhone.Build.0 = Release|Any CPU
		{310A0FE9-BE33-4D93-84D0-AB4AAAC8DEAA}.Release|iPhoneSimulator.ActiveCfg = Release|Any CPU
		{310A0FE9-BE33-4D93-84D0-AB4AAAC8DEAA}.Release|iPhoneSimulator.Build.0 = Release|Any CPU
		{310A0FE9-BE33-4D93-84D0-AB4AAAC8DEAA}.Release|x64.ActiveCfg = Release|Any CPU
		{310A0FE9-BE33-4D93-84D0-AB4AAAC8DEAA}.Release|x64.Build.0 = Release|Any CPU
		{310A0FE9-BE33-4D93-84D0-AB4AAAC8DEAA}.Release|x86.ActiveCfg = Release|Any CPU
		{310A0FE9-BE33-4D93-84D0-AB4AAAC8DEAA}.Release|x86.Build.0 = Release|Any CPU
	EndGlobalSection
	GlobalSection(SolutionProperties) = preSolution
		HideSolutionNode = FALSE
	EndGlobalSection
EndGlobal
