
Microsoft Visual Studio Solution File, Format Version 12.00
# Visual Studio 14
VisualStudioVersion = 14.0.25123.0
MinimumVisualStudioVersion = 10.0.40219.1
Project("{FAE04EC0-301F-11D3-BF4B-00C04F79EFBC}") = "outdoor.rocks", "outdoor.rocks\outdoor.rocks.csproj", "{96E635A1-413E-4C2B-9A84-B8C675581206}"
EndProject
Project("{FAE04EC0-301F-11D3-BF4B-00C04F79EFBC}") = "outdoor.rocks.Tests", "outdoor.rocks.Tests\outdoor.rocks.Tests.csproj", "{C5AE7853-3D1B-4538-A329-BC709B7F5422}"
EndProject
Project("{2150E333-8FDC-42A3-9474-1A3956D46DE8}") = "Solution Items", "Solution Items", "{865CA4DA-1D3C-4ADD-82C4-A1F4B1DB0907}"
EndProject
Project("{FAE04EC0-301F-11D3-BF4B-00C04F79EFBC}") = "outdoor.rocks.ZConsoleTestProject", "outdoor.rocks.Test\outdoor.rocks.ZConsoleTestProject.csproj", "{86E3B47D-1DD3-487B-AE31-6410F5D8D295}"
EndProject
Project("{FAE04EC0-301F-11D3-BF4B-00C04F79EFBC}") = "SelfHosting", "..\..\..\Documents\Visual Studio 2015\Projects\SelfHosting\SelfHosting\SelfHosting.csproj", "{86C47FC9-D977-44FA-8E39-EB7069A76A11}"
EndProject
Global
	GlobalSection(SolutionConfigurationPlatforms) = preSolution
		Ad-Hoc|Any CPU = Ad-Hoc|Any CPU
		Ad-Hoc|ARM = Ad-Hoc|ARM
		Ad-Hoc|iPhone = Ad-Hoc|iPhone
		Ad-Hoc|iPhoneSimulator = Ad-Hoc|iPhoneSimulator
		Ad-Hoc|x64 = Ad-Hoc|x64
		Ad-Hoc|x86 = Ad-Hoc|x86
		AppStore|Any CPU = AppStore|Any CPU
		AppStore|ARM = AppStore|ARM
		AppStore|iPhone = AppStore|iPhone
		AppStore|iPhoneSimulator = AppStore|iPhoneSimulator
		AppStore|x64 = AppStore|x64
		AppStore|x86 = AppStore|x86
		Debug|Any CPU = Debug|Any CPU
		Debug|ARM = Debug|ARM
		Debug|iPhone = Debug|iPhone
		Debug|iPhoneSimulator = Debug|iPhoneSimulator
		Debug|x64 = Debug|x64
		Debug|x86 = Debug|x86
		Release|Any CPU = Release|Any CPU
		Release|ARM = Release|ARM
		Release|iPhone = Release|iPhone
		Release|iPhoneSimulator = Release|iPhoneSimulator
		Release|x64 = Release|x64
		Release|x86 = Release|x86
	EndGlobalSection
	GlobalSection(ProjectConfigurationPlatforms) = postSolution
		{96E635A1-413E-4C2B-9A84-B8C675581206}.Ad-Hoc|Any CPU.ActiveCfg = Release|Any CPU
		{96E635A1-413E-4C2B-9A84-B8C675581206}.Ad-Hoc|Any CPU.Build.0 = Release|Any CPU
		{96E635A1-413E-4C2B-9A84-B8C675581206}.Ad-Hoc|ARM.ActiveCfg = Release|Any CPU
		{96E635A1-413E-4C2B-9A84-B8C675581206}.Ad-Hoc|ARM.Build.0 = Release|Any CPU
		{96E635A1-413E-4C2B-9A84-B8C675581206}.Ad-Hoc|iPhone.ActiveCfg = Release|Any CPU
		{96E635A1-413E-4C2B-9A84-B8C675581206}.Ad-Hoc|iPhone.Build.0 = Release|Any CPU
		{96E635A1-413E-4C2B-9A84-B8C675581206}.Ad-Hoc|iPhoneSimulator.ActiveCfg = Release|Any CPU
		{96E635A1-413E-4C2B-9A84-B8C675581206}.Ad-Hoc|iPhoneSimulator.Build.0 = Release|Any CPU
		{96E635A1-413E-4C2B-9A84-B8C675581206}.Ad-Hoc|x64.ActiveCfg = Release|Any CPU
		{96E635A1-413E-4C2B-9A84-B8C675581206}.Ad-Hoc|x64.Build.0 = Release|Any CPU
		{96E635A1-413E-4C2B-9A84-B8C675581206}.Ad-Hoc|x86.ActiveCfg = Release|Any CPU
		{96E635A1-413E-4C2B-9A84-B8C675581206}.Ad-Hoc|x86.Build.0 = Release|Any CPU
		{96E635A1-413E-4C2B-9A84-B8C675581206}.AppStore|Any CPU.ActiveCfg = Release|Any CPU
		{96E635A1-413E-4C2B-9A84-B8C675581206}.AppStore|Any CPU.Build.0 = Release|Any CPU
		{96E635A1-413E-4C2B-9A84-B8C675581206}.AppStore|ARM.ActiveCfg = Release|Any CPU
		{96E635A1-413E-4C2B-9A84-B8C675581206}.AppStore|ARM.Build.0 = Release|Any CPU
		{96E635A1-413E-4C2B-9A84-B8C675581206}.AppStore|iPhone.ActiveCfg = Release|Any CPU
		{96E635A1-413E-4C2B-9A84-B8C675581206}.AppStore|iPhone.Build.0 = Release|Any CPU
		{96E635A1-413E-4C2B-9A84-B8C675581206}.AppStore|iPhoneSimulator.ActiveCfg = Release|Any CPU
		{96E635A1-413E-4C2B-9A84-B8C675581206}.AppStore|iPhoneSimulator.Build.0 = Release|Any CPU
		{96E635A1-413E-4C2B-9A84-B8C675581206}.AppStore|x64.ActiveCfg = Release|Any CPU
		{96E635A1-413E-4C2B-9A84-B8C675581206}.AppStore|x64.Build.0 = Release|Any CPU
		{96E635A1-413E-4C2B-9A84-B8C675581206}.AppStore|x86.ActiveCfg = Release|Any CPU
		{96E635A1-413E-4C2B-9A84-B8C675581206}.AppStore|x86.Build.0 = Release|Any CPU
		{96E635A1-413E-4C2B-9A84-B8C675581206}.Debug|Any CPU.ActiveCfg = Debug|Any CPU
		{96E635A1-413E-4C2B-9A84-B8C675581206}.Debug|Any CPU.Build.0 = Debug|Any CPU
		{96E635A1-413E-4C2B-9A84-B8C675581206}.Debug|ARM.ActiveCfg = Debug|Any CPU
		{96E635A1-413E-4C2B-9A84-B8C675581206}.Debug|ARM.Build.0 = Debug|Any CPU
		{96E635A1-413E-4C2B-9A84-B8C675581206}.Debug|iPhone.ActiveCfg = Debug|Any CPU
		{96E635A1-413E-4C2B-9A84-B8C675581206}.Debug|iPhone.Build.0 = Debug|Any CPU
		{96E635A1-413E-4C2B-9A84-B8C675581206}.Debug|iPhoneSimulator.ActiveCfg = Debug|Any CPU
		{96E635A1-413E-4C2B-9A84-B8C675581206}.Debug|iPhoneSimulator.Build.0 = Debug|Any CPU
		{96E635A1-413E-4C2B-9A84-B8C675581206}.Debug|x64.ActiveCfg = Debug|Any CPU
		{96E635A1-413E-4C2B-9A84-B8C675581206}.Debug|x64.Build.0 = Debug|Any CPU
		{96E635A1-413E-4C2B-9A84-B8C675581206}.Debug|x86.ActiveCfg = Debug|Any CPU
		{96E635A1-413E-4C2B-9A84-B8C675581206}.Debug|x86.Build.0 = Debug|Any CPU
		{96E635A1-413E-4C2B-9A84-B8C675581206}.Release|Any CPU.ActiveCfg = Release|Any CPU
		{96E635A1-413E-4C2B-9A84-B8C675581206}.Release|Any CPU.Build.0 = Release|Any CPU
		{96E635A1-413E-4C2B-9A84-B8C675581206}.Release|ARM.ActiveCfg = Release|Any CPU
		{96E635A1-413E-4C2B-9A84-B8C675581206}.Release|ARM.Build.0 = Release|Any CPU
		{96E635A1-413E-4C2B-9A84-B8C675581206}.Release|iPhone.ActiveCfg = Release|Any CPU
		{96E635A1-413E-4C2B-9A84-B8C675581206}.Release|iPhone.Build.0 = Release|Any CPU
		{96E635A1-413E-4C2B-9A84-B8C675581206}.Release|iPhoneSimulator.ActiveCfg = Release|Any CPU
		{96E635A1-413E-4C2B-9A84-B8C675581206}.Release|iPhoneSimulator.Build.0 = Release|Any CPU
		{96E635A1-413E-4C2B-9A84-B8C675581206}.Release|x64.ActiveCfg = Release|Any CPU
		{96E635A1-413E-4C2B-9A84-B8C675581206}.Release|x64.Build.0 = Release|Any CPU
		{96E635A1-413E-4C2B-9A84-B8C675581206}.Release|x86.ActiveCfg = Release|Any CPU
		{96E635A1-413E-4C2B-9A84-B8C675581206}.Release|x86.Build.0 = Release|Any CPU
		{C5AE7853-3D1B-4538-A329-BC709B7F5422}.Ad-Hoc|Any CPU.ActiveCfg = Release|Any CPU
		{C5AE7853-3D1B-4538-A329-BC709B7F5422}.Ad-Hoc|Any CPU.Build.0 = Release|Any CPU
		{C5AE7853-3D1B-4538-A329-BC709B7F5422}.Ad-Hoc|ARM.ActiveCfg = Release|Any CPU
		{C5AE7853-3D1B-4538-A329-BC709B7F5422}.Ad-Hoc|ARM.Build.0 = Release|Any CPU
		{C5AE7853-3D1B-4538-A329-BC709B7F5422}.Ad-Hoc|iPhone.ActiveCfg = Release|Any CPU
		{C5AE7853-3D1B-4538-A329-BC709B7F5422}.Ad-Hoc|iPhone.Build.0 = Release|Any CPU
		{C5AE7853-3D1B-4538-A329-BC709B7F5422}.Ad-Hoc|iPhoneSimulator.ActiveCfg = Release|Any CPU
		{C5AE7853-3D1B-4538-A329-BC709B7F5422}.Ad-Hoc|iPhoneSimulator.Build.0 = Release|Any CPU
		{C5AE7853-3D1B-4538-A329-BC709B7F5422}.Ad-Hoc|x64.ActiveCfg = Release|Any CPU
		{C5AE7853-3D1B-4538-A329-BC709B7F5422}.Ad-Hoc|x64.Build.0 = Release|Any CPU
		{C5AE7853-3D1B-4538-A329-BC709B7F5422}.Ad-Hoc|x86.ActiveCfg = Release|Any CPU
		{C5AE7853-3D1B-4538-A329-BC709B7F5422}.Ad-Hoc|x86.Build.0 = Release|Any CPU
		{C5AE7853-3D1B-4538-A329-BC709B7F5422}.AppStore|Any CPU.ActiveCfg = Release|Any CPU
		{C5AE7853-3D1B-4538-A329-BC709B7F5422}.AppStore|Any CPU.Build.0 = Release|Any CPU
		{C5AE7853-3D1B-4538-A329-BC709B7F5422}.AppStore|ARM.ActiveCfg = Release|Any CPU
		{C5AE7853-3D1B-4538-A329-BC709B7F5422}.AppStore|ARM.Build.0 = Release|Any CPU
		{C5AE7853-3D1B-4538-A329-BC709B7F5422}.AppStore|iPhone.ActiveCfg = Release|Any CPU
		{C5AE7853-3D1B-4538-A329-BC709B7F5422}.AppStore|iPhone.Build.0 = Release|Any CPU
		{C5AE7853-3D1B-4538-A329-BC709B7F5422}.AppStore|iPhoneSimulator.ActiveCfg = Release|Any CPU
		{C5AE7853-3D1B-4538-A329-BC709B7F5422}.AppStore|iPhoneSimulator.Build.0 = Release|Any CPU
		{C5AE7853-3D1B-4538-A329-BC709B7F5422}.AppStore|x64.ActiveCfg = Release|Any CPU
		{C5AE7853-3D1B-4538-A329-BC709B7F5422}.AppStore|x64.Build.0 = Release|Any CPU
		{C5AE7853-3D1B-4538-A329-BC709B7F5422}.AppStore|x86.ActiveCfg = Release|Any CPU
		{C5AE7853-3D1B-4538-A329-BC709B7F5422}.AppStore|x86.Build.0 = Release|Any CPU
		{C5AE7853-3D1B-4538-A329-BC709B7F5422}.Debug|Any CPU.ActiveCfg = Debug|Any CPU
		{C5AE7853-3D1B-4538-A329-BC709B7F5422}.Debug|Any CPU.Build.0 = Debug|Any CPU
		{C5AE7853-3D1B-4538-A329-BC709B7F5422}.Debug|ARM.ActiveCfg = Debug|Any CPU
		{C5AE7853-3D1B-4538-A329-BC709B7F5422}.Debug|ARM.Build.0 = Debug|Any CPU
		{C5AE7853-3D1B-4538-A329-BC709B7F5422}.Debug|iPhone.ActiveCfg = Debug|Any CPU
		{C5AE7853-3D1B-4538-A329-BC709B7F5422}.Debug|iPhone.Build.0 = Debug|Any CPU
		{C5AE7853-3D1B-4538-A329-BC709B7F5422}.Debug|iPhoneSimulator.ActiveCfg = Debug|Any CPU
		{C5AE7853-3D1B-4538-A329-BC709B7F5422}.Debug|iPhoneSimulator.Build.0 = Debug|Any CPU
		{C5AE7853-3D1B-4538-A329-BC709B7F5422}.Debug|x64.ActiveCfg = Debug|Any CPU
		{C5AE7853-3D1B-4538-A329-BC709B7F5422}.Debug|x64.Build.0 = Debug|Any CPU
		{C5AE7853-3D1B-4538-A329-BC709B7F5422}.Debug|x86.ActiveCfg = Debug|Any CPU
		{C5AE7853-3D1B-4538-A329-BC709B7F5422}.Debug|x86.Build.0 = Debug|Any CPU
		{C5AE7853-3D1B-4538-A329-BC709B7F5422}.Release|Any CPU.ActiveCfg = Release|Any CPU
		{C5AE7853-3D1B-4538-A329-BC709B7F5422}.Release|Any CPU.Build.0 = Release|Any CPU
		{C5AE7853-3D1B-4538-A329-BC709B7F5422}.Release|ARM.ActiveCfg = Release|Any CPU
		{C5AE7853-3D1B-4538-A329-BC709B7F5422}.Release|ARM.Build.0 = Release|Any CPU
		{C5AE7853-3D1B-4538-A329-BC709B7F5422}.Release|iPhone.ActiveCfg = Release|Any CPU
		{C5AE7853-3D1B-4538-A329-BC709B7F5422}.Release|iPhone.Build.0 = Release|Any CPU
		{C5AE7853-3D1B-4538-A329-BC709B7F5422}.Release|iPhoneSimulator.ActiveCfg = Release|Any CPU
		{C5AE7853-3D1B-4538-A329-BC709B7F5422}.Release|iPhoneSimulator.Build.0 = Release|Any CPU
		{C5AE7853-3D1B-4538-A329-BC709B7F5422}.Release|x64.ActiveCfg = Release|Any CPU
		{C5AE7853-3D1B-4538-A329-BC709B7F5422}.Release|x64.Build.0 = Release|Any CPU
		{C5AE7853-3D1B-4538-A329-BC709B7F5422}.Release|x86.ActiveCfg = Release|Any CPU
		{C5AE7853-3D1B-4538-A329-BC709B7F5422}.Release|x86.Build.0 = Release|Any CPU
		{86E3B47D-1DD3-487B-AE31-6410F5D8D295}.Ad-Hoc|Any CPU.ActiveCfg = Release|Any CPU
		{86E3B47D-1DD3-487B-AE31-6410F5D8D295}.Ad-Hoc|Any CPU.Build.0 = Release|Any CPU
		{86E3B47D-1DD3-487B-AE31-6410F5D8D295}.Ad-Hoc|ARM.ActiveCfg = Release|Any CPU
		{86E3B47D-1DD3-487B-AE31-6410F5D8D295}.Ad-Hoc|ARM.Build.0 = Release|Any CPU
		{86E3B47D-1DD3-487B-AE31-6410F5D8D295}.Ad-Hoc|iPhone.ActiveCfg = Release|Any CPU
		{86E3B47D-1DD3-487B-AE31-6410F5D8D295}.Ad-Hoc|iPhone.Build.0 = Release|Any CPU
		{86E3B47D-1DD3-487B-AE31-6410F5D8D295}.Ad-Hoc|iPhoneSimulator.ActiveCfg = Release|Any CPU
		{86E3B47D-1DD3-487B-AE31-6410F5D8D295}.Ad-Hoc|iPhoneSimulator.Build.0 = Release|Any CPU
		{86E3B47D-1DD3-487B-AE31-6410F5D8D295}.Ad-Hoc|x64.ActiveCfg = Release|Any CPU
		{86E3B47D-1DD3-487B-AE31-6410F5D8D295}.Ad-Hoc|x64.Build.0 = Release|Any CPU
		{86E3B47D-1DD3-487B-AE31-6410F5D8D295}.Ad-Hoc|x86.ActiveCfg = Release|Any CPU
		{86E3B47D-1DD3-487B-AE31-6410F5D8D295}.Ad-Hoc|x86.Build.0 = Release|Any CPU
		{86E3B47D-1DD3-487B-AE31-6410F5D8D295}.AppStore|Any CPU.ActiveCfg = Release|Any CPU
		{86E3B47D-1DD3-487B-AE31-6410F5D8D295}.AppStore|Any CPU.Build.0 = Release|Any CPU
		{86E3B47D-1DD3-487B-AE31-6410F5D8D295}.AppStore|ARM.ActiveCfg = Release|Any CPU
		{86E3B47D-1DD3-487B-AE31-6410F5D8D295}.AppStore|ARM.Build.0 = Release|Any CPU
		{86E3B47D-1DD3-487B-AE31-6410F5D8D295}.AppStore|iPhone.ActiveCfg = Release|Any CPU
		{86E3B47D-1DD3-487B-AE31-6410F5D8D295}.AppStore|iPhone.Build.0 = Release|Any CPU
		{86E3B47D-1DD3-487B-AE31-6410F5D8D295}.AppStore|iPhoneSimulator.ActiveCfg = Release|Any CPU
		{86E3B47D-1DD3-487B-AE31-6410F5D8D295}.AppStore|iPhoneSimulator.Build.0 = Release|Any CPU
		{86E3B47D-1DD3-487B-AE31-6410F5D8D295}.AppStore|x64.ActiveCfg = Release|Any CPU
		{86E3B47D-1DD3-487B-AE31-6410F5D8D295}.AppStore|x64.Build.0 = Release|Any CPU
		{86E3B47D-1DD3-487B-AE31-6410F5D8D295}.AppStore|x86.ActiveCfg = Release|Any CPU
		{86E3B47D-1DD3-487B-AE31-6410F5D8D295}.AppStore|x86.Build.0 = Release|Any CPU
		{86E3B47D-1DD3-487B-AE31-6410F5D8D295}.Debug|Any CPU.ActiveCfg = Debug|Any CPU
		{86E3B47D-1DD3-487B-AE31-6410F5D8D295}.Debug|Any CPU.Build.0 = Debug|Any CPU
		{86E3B47D-1DD3-487B-AE31-6410F5D8D295}.Debug|ARM.ActiveCfg = Debug|Any CPU
		{86E3B47D-1DD3-487B-AE31-6410F5D8D295}.Debug|ARM.Build.0 = Debug|Any CPU
		{86E3B47D-1DD3-487B-AE31-6410F5D8D295}.Debug|iPhone.ActiveCfg = Debug|Any CPU
		{86E3B47D-1DD3-487B-AE31-6410F5D8D295}.Debug|iPhone.Build.0 = Debug|Any CPU
		{86E3B47D-1DD3-487B-AE31-6410F5D8D295}.Debug|iPhoneSimulator.ActiveCfg = Debug|Any CPU
		{86E3B47D-1DD3-487B-AE31-6410F5D8D295}.Debug|iPhoneSimulator.Build.0 = Debug|Any CPU
		{86E3B47D-1DD3-487B-AE31-6410F5D8D295}.Debug|x64.ActiveCfg = Debug|Any CPU
		{86E3B47D-1DD3-487B-AE31-6410F5D8D295}.Debug|x64.Build.0 = Debug|Any CPU
		{86E3B47D-1DD3-487B-AE31-6410F5D8D295}.Debug|x86.ActiveCfg = Debug|Any CPU
		{86E3B47D-1DD3-487B-AE31-6410F5D8D295}.Debug|x86.Build.0 = Debug|Any CPU
		{86E3B47D-1DD3-487B-AE31-6410F5D8D295}.Release|Any CPU.ActiveCfg = Release|Any CPU
		{86E3B47D-1DD3-487B-AE31-6410F5D8D295}.Release|Any CPU.Build.0 = Release|Any CPU
		{86E3B47D-1DD3-487B-AE31-6410F5D8D295}.Release|ARM.ActiveCfg = Release|Any CPU
		{86E3B47D-1DD3-487B-AE31-6410F5D8D295}.Release|ARM.Build.0 = Release|Any CPU
		{86E3B47D-1DD3-487B-AE31-6410F5D8D295}.Release|iPhone.ActiveCfg = Release|Any CPU
		{86E3B47D-1DD3-487B-AE31-6410F5D8D295}.Release|iPhone.Build.0 = Release|Any CPU
		{86E3B47D-1DD3-487B-AE31-6410F5D8D295}.Release|iPhoneSimulator.ActiveCfg = Release|Any CPU
		{86E3B47D-1DD3-487B-AE31-6410F5D8D295}.Release|iPhoneSimulator.Build.0 = Release|Any CPU
		{86E3B47D-1DD3-487B-AE31-6410F5D8D295}.Release|x64.ActiveCfg = Release|Any CPU
		{86E3B47D-1DD3-487B-AE31-6410F5D8D295}.Release|x64.Build.0 = Release|Any CPU
		{86E3B47D-1DD3-487B-AE31-6410F5D8D295}.Release|x86.ActiveCfg = Release|Any CPU
		{86E3B47D-1DD3-487B-AE31-6410F5D8D295}.Release|x86.Build.0 = Release|Any CPU
		{86C47FC9-D977-44FA-8E39-EB7069A76A11}.Ad-Hoc|Any CPU.ActiveCfg = Release|Any CPU
		{86C47FC9-D977-44FA-8E39-EB7069A76A11}.Ad-Hoc|Any CPU.Build.0 = Release|Any CPU
		{86C47FC9-D977-44FA-8E39-EB7069A76A11}.Ad-Hoc|ARM.ActiveCfg = Release|Any CPU
		{86C47FC9-D977-44FA-8E39-EB7069A76A11}.Ad-Hoc|ARM.Build.0 = Release|Any CPU
		{86C47FC9-D977-44FA-8E39-EB7069A76A11}.Ad-Hoc|iPhone.ActiveCfg = Release|Any CPU
		{86C47FC9-D977-44FA-8E39-EB7069A76A11}.Ad-Hoc|iPhone.Build.0 = Release|Any CPU
		{86C47FC9-D977-44FA-8E39-EB7069A76A11}.Ad-Hoc|iPhoneSimulator.ActiveCfg = Release|Any CPU
		{86C47FC9-D977-44FA-8E39-EB7069A76A11}.Ad-Hoc|iPhoneSimulator.Build.0 = Release|Any CPU
		{86C47FC9-D977-44FA-8E39-EB7069A76A11}.Ad-Hoc|x64.ActiveCfg = Release|Any CPU
		{86C47FC9-D977-44FA-8E39-EB7069A76A11}.Ad-Hoc|x64.Build.0 = Release|Any CPU
		{86C47FC9-D977-44FA-8E39-EB7069A76A11}.Ad-Hoc|x86.ActiveCfg = Release|Any CPU
		{86C47FC9-D977-44FA-8E39-EB7069A76A11}.Ad-Hoc|x86.Build.0 = Release|Any CPU
		{86C47FC9-D977-44FA-8E39-EB7069A76A11}.AppStore|Any CPU.ActiveCfg = Release|Any CPU
		{86C47FC9-D977-44FA-8E39-EB7069A76A11}.AppStore|Any CPU.Build.0 = Release|Any CPU
		{86C47FC9-D977-44FA-8E39-EB7069A76A11}.AppStore|ARM.ActiveCfg = Release|Any CPU
		{86C47FC9-D977-44FA-8E39-EB7069A76A11}.AppStore|ARM.Build.0 = Release|Any CPU
		{86C47FC9-D977-44FA-8E39-EB7069A76A11}.AppStore|iPhone.ActiveCfg = Release|Any CPU
		{86C47FC9-D977-44FA-8E39-EB7069A76A11}.AppStore|iPhone.Build.0 = Release|Any CPU
		{86C47FC9-D977-44FA-8E39-EB7069A76A11}.AppStore|iPhoneSimulator.ActiveCfg = Release|Any CPU
		{86C47FC9-D977-44FA-8E39-EB7069A76A11}.AppStore|iPhoneSimulator.Build.0 = Release|Any CPU
		{86C47FC9-D977-44FA-8E39-EB7069A76A11}.AppStore|x64.ActiveCfg = Release|Any CPU
		{86C47FC9-D977-44FA-8E39-EB7069A76A11}.AppStore|x64.Build.0 = Release|Any CPU
		{86C47FC9-D977-44FA-8E39-EB7069A76A11}.AppStore|x86.ActiveCfg = Release|Any CPU
		{86C47FC9-D977-44FA-8E39-EB7069A76A11}.AppStore|x86.Build.0 = Release|Any CPU
		{86C47FC9-D977-44FA-8E39-EB7069A76A11}.Debug|Any CPU.ActiveCfg = Debug|Any CPU
		{86C47FC9-D977-44FA-8E39-EB7069A76A11}.Debug|Any CPU.Build.0 = Debug|Any CPU
		{86C47FC9-D977-44FA-8E39-EB7069A76A11}.Debug|ARM.ActiveCfg = Debug|Any CPU
		{86C47FC9-D977-44FA-8E39-EB7069A76A11}.Debug|ARM.Build.0 = Debug|Any CPU
		{86C47FC9-D977-44FA-8E39-EB7069A76A11}.Debug|iPhone.ActiveCfg = Debug|Any CPU
		{86C47FC9-D977-44FA-8E39-EB7069A76A11}.Debug|iPhone.Build.0 = Debug|Any CPU
		{86C47FC9-D977-44FA-8E39-EB7069A76A11}.Debug|iPhoneSimulator.ActiveCfg = Debug|Any CPU
		{86C47FC9-D977-44FA-8E39-EB7069A76A11}.Debug|iPhoneSimulator.Build.0 = Debug|Any CPU
		{86C47FC9-D977-44FA-8E39-EB7069A76A11}.Debug|x64.ActiveCfg = Debug|Any CPU
		{86C47FC9-D977-44FA-8E39-EB7069A76A11}.Debug|x64.Build.0 = Debug|Any CPU
		{86C47FC9-D977-44FA-8E39-EB7069A76A11}.Debug|x86.ActiveCfg = Debug|Any CPU
		{86C47FC9-D977-44FA-8E39-EB7069A76A11}.Debug|x86.Build.0 = Debug|Any CPU
		{86C47FC9-D977-44FA-8E39-EB7069A76A11}.Release|Any CPU.ActiveCfg = Release|Any CPU
		{86C47FC9-D977-44FA-8E39-EB7069A76A11}.Release|Any CPU.Build.0 = Release|Any CPU
		{86C47FC9-D977-44FA-8E39-EB7069A76A11}.Release|ARM.ActiveCfg = Release|Any CPU
		{86C47FC9-D977-44FA-8E39-EB7069A76A11}.Release|ARM.Build.0 = Release|Any CPU
		{86C47FC9-D977-44FA-8E39-EB7069A76A11}.Release|iPhone.ActiveCfg = Release|Any CPU
		{86C47FC9-D977-44FA-8E39-EB7069A76A11}.Release|iPhone.Build.0 = Release|Any CPU
		{86C47FC9-D977-44FA-8E39-EB7069A76A11}.Release|iPhoneSimulator.ActiveCfg = Release|Any CPU
		{86C47FC9-D977-44FA-8E39-EB7069A76A11}.Release|iPhoneSimulator.Build.0 = Release|Any CPU
		{86C47FC9-D977-44FA-8E39-EB7069A76A11}.Release|x64.ActiveCfg = Release|Any CPU
		{86C47FC9-D977-44FA-8E39-EB7069A76A11}.Release|x64.Build.0 = Release|Any CPU
		{86C47FC9-D977-44FA-8E39-EB7069A76A11}.Release|x86.ActiveCfg = Release|Any CPU
		{86C47FC9-D977-44FA-8E39-EB7069A76A11}.Release|x86.Build.0 = Release|Any CPU
	EndGlobalSection
	GlobalSection(SolutionProperties) = preSolution
		HideSolutionNode = FALSE
	EndGlobalSection
EndGlobal
