
Microsoft Visual Studio Solution File, Format Version 12.00
# Visual Studio 14
VisualStudioVersion = 14.0.25123.0
MinimumVisualStudioVersion = 10.0.40219.1
Project("{FAE04EC0-301F-11D3-BF4B-00C04F79EFBC}") = "outdoor.rocks", "outdoor.rocks\outdoor.rocks.csproj", "{96E635A1-413E-4C2B-9A84-B8C675581206}"
EndProject
Project("{FAE04EC0-301F-11D3-BF4B-00C04F79EFBC}") = "outdoor.rocks.Tests", "outdoor.rocks.Tests\outdoor.rocks.Tests.csproj", "{C5AE7853-3D1B-4538-A329-BC709B7F5422}"
EndProject
Project("{2150E333-8FDC-42A3-9474-1A3956D46DE8}") = "Solution Items", "Solution Items", "{865CA4DA-1D3C-4ADD-82C4-A1F4B1DB0907}"
EndProject
Global
	GlobalSection(SolutionConfigurationPlatforms) = preSolution
		Debug|Any CPU = Debug|Any CPU
		Release|Any CPU = Release|Any CPU
	EndGlobalSection
	GlobalSection(ProjectConfigurationPlatforms) = postSolution
		{96E635A1-413E-4C2B-9A84-B8C675581206}.Debug|Any CPU.ActiveCfg = Debug|Any CPU
		{96E635A1-413E-4C2B-9A84-B8C675581206}.Debug|Any CPU.Build.0 = Debug|Any CPU
		{96E635A1-413E-4C2B-9A84-B8C675581206}.Release|Any CPU.ActiveCfg = Release|Any CPU
		{96E635A1-413E-4C2B-9A84-B8C675581206}.Release|Any CPU.Build.0 = Release|Any CPU
		{C5AE7853-3D1B-4538-A329-BC709B7F5422}.Debug|Any CPU.ActiveCfg = Debug|Any CPU
		{C5AE7853-3D1B-4538-A329-BC709B7F5422}.Debug|Any CPU.Build.0 = Debug|Any CPU
		{C5AE7853-3D1B-4538-A329-BC709B7F5422}.Release|Any CPU.ActiveCfg = Release|Any CPU
		{C5AE7853-3D1B-4538-A329-BC709B7F5422}.Release|Any CPU.Build.0 = Release|Any CPU
	EndGlobalSection
	GlobalSection(SolutionProperties) = preSolution
		HideSolutionNode = FALSE
	EndGlobalSection
EndGlobal
